Microsoft Visual Studio Solution File, Format Version 12.00
# Visual Studio 2012
Project("{FAE04EC0-301F-11D3-BF4B-00C04F79EFBC}") = "Sunken Secrets", "Sunken Secrets.csproj", "{80189462-C95F-460F-9DF8-FF1D1C31A7AA}"
EndProject
Global
	GlobalSection(SolutionConfigurationPlatforms) = preSolution
	Debug|Any CPU = Debug|Any CPU
	ExportDebug|Any CPU = ExportDebug|Any CPU
	ExportRelease|Any CPU = ExportRelease|Any CPU
	EndGlobalSection
	GlobalSection(ProjectConfigurationPlatforms) = postSolution
		{80189462-C95F-460F-9DF8-FF1D1C31A7AA}.Debug|Any CPU.ActiveCfg = Debug|Any CPU
		{80189462-C95F-460F-9DF8-FF1D1C31A7AA}.Debug|Any CPU.Build.0 = Debug|Any CPU
		{80189462-C95F-460F-9DF8-FF1D1C31A7AA}.ExportDebug|Any CPU.ActiveCfg = ExportDebug|Any CPU
		{80189462-C95F-460F-9DF8-FF1D1C31A7AA}.ExportDebug|Any CPU.Build.0 = ExportDebug|Any CPU
		{80189462-C95F-460F-9DF8-FF1D1C31A7AA}.ExportRelease|Any CPU.ActiveCfg = ExportRelease|Any CPU
		{80189462-C95F-460F-9DF8-FF1D1C31A7AA}.ExportRelease|Any CPU.Build.0 = ExportRelease|Any CPU
	EndGlobalSection
EndGlobal
